
Microsoft Visual Studio Solution File, Format Version 12.00
# Visual Studio Version 16
VisualStudioVersion = 16.0.30204.135
MinimumVisualStudioVersion = 10.0.40219.1
Project("{9A19103F-16F7-4668-BE54-9A1E7A4F7556}") = "opg-201910-interview", "opg-201910Base-master\opg-201910-interview.csproj", "{ACC65F62-42A3-4FA4-83B4-37D9A88F00CA}"
EndProject
Project("{9A19103F-16F7-4668-BE54-9A1E7A4F7556}") = "opg-201910-interview-unit-test", "opg-201910-interview-unit-test\opg-201910-interview-unit-test.csproj", "{C6451D64-B5FF-4FD5-8262-A520304D8772}"
EndProject
Global
	GlobalSection(SolutionConfigurationPlatforms) = preSolution
		Debug|Any CPU = Debug|Any CPU
		Release|Any CPU = Release|Any CPU
	EndGlobalSection
	GlobalSection(ProjectConfigurationPlatforms) = postSolution
		{ACC65F62-42A3-4FA4-83B4-37D9A88F00CA}.Debug|Any CPU.ActiveCfg = Debug|Any CPU
		{ACC65F62-42A3-4FA4-83B4-37D9A88F00CA}.Debug|Any CPU.Build.0 = Debug|Any CPU
		{ACC65F62-42A3-4FA4-83B4-37D9A88F00CA}.Release|Any CPU.ActiveCfg = Release|Any CPU
		{ACC65F62-42A3-4FA4-83B4-37D9A88F00CA}.Release|Any CPU.Build.0 = Release|Any CPU
		{C6451D64-B5FF-4FD5-8262-A520304D8772}.Debug|Any CPU.ActiveCfg = Debug|Any CPU
		{C6451D64-B5FF-4FD5-8262-A520304D8772}.Debug|Any CPU.Build.0 = Debug|Any CPU
		{C6451D64-B5FF-4FD5-8262-A520304D8772}.Release|Any CPU.ActiveCfg = Release|Any CPU
		{C6451D64-B5FF-4FD5-8262-A520304D8772}.Release|Any CPU.Build.0 = Release|Any CPU
	EndGlobalSection
	GlobalSection(SolutionProperties) = preSolution
		HideSolutionNode = FALSE
	EndGlobalSection
	GlobalSection(ExtensibilityGlobals) = postSolution
		SolutionGuid = {B6CB1D13-164F-4CDC-AA2E-8745F956C821}
	EndGlobalSection
EndGlobal
